
Microsoft Visual Studio Solution File, Format Version 12.00
# Visual Studio Version 17
VisualStudioVersion = 17.8.34330.188
MinimumVisualStudioVersion = 10.0.40219.1
Project("{9A19103F-16F7-4668-BE54-9A1E7A4F7556}") = "DiscountManager", "DiscountManager\DiscountManager.csproj", "{452C1071-12EC-40F6-B290-370E529ACDC3}"
EndProject
Project("{9A19103F-16F7-4668-BE54-9A1E7A4F7556}") = "DiscountManager.Domain", "DiscountManager.Domain\DiscountManager.Domain.csproj", "{A4F93F86-217B-4051-83A8-BA850E95D54C}"
EndProject
Project("{9A19103F-16F7-4668-BE54-9A1E7A4F7556}") = "DiscountManager.Infrastructure", "DiscountManager.Infrastructure\DiscountManager.Infrastructure.csproj", "{B5B12907-5C4C-4D8E-8140-26B21667194A}"
EndProject
Project("{FAE04EC0-301F-11D3-BF4B-00C04F79EFBC}") = "DiscountManager.Application", "DiscountManager.Application\DiscountManager.Application.csproj", "{4A5553CC-04B2-4F96-9EA5-0D7BB56EE58D}"
EndProject
Global
	GlobalSection(SolutionConfigurationPlatforms) = preSolution
		Debug|Any CPU = Debug|Any CPU
		Release|Any CPU = Release|Any CPU
	EndGlobalSection
	GlobalSection(ProjectConfigurationPlatforms) = postSolution
		{452C1071-12EC-40F6-B290-370E529ACDC3}.Debug|Any CPU.ActiveCfg = Debug|Any CPU
		{452C1071-12EC-40F6-B290-370E529ACDC3}.Debug|Any CPU.Build.0 = Debug|Any CPU
		{452C1071-12EC-40F6-B290-370E529ACDC3}.Release|Any CPU.ActiveCfg = Release|Any CPU
		{452C1071-12EC-40F6-B290-370E529ACDC3}.Release|Any CPU.Build.0 = Release|Any CPU
		{A4F93F86-217B-4051-83A8-BA850E95D54C}.Debug|Any CPU.ActiveCfg = Debug|Any CPU
		{A4F93F86-217B-4051-83A8-BA850E95D54C}.Debug|Any CPU.Build.0 = Debug|Any CPU
		{A4F93F86-217B-4051-83A8-BA850E95D54C}.Release|Any CPU.ActiveCfg = Release|Any CPU
		{A4F93F86-217B-4051-83A8-BA850E95D54C}.Release|Any CPU.Build.0 = Release|Any CPU
		{B5B12907-5C4C-4D8E-8140-26B21667194A}.Debug|Any CPU.ActiveCfg = Debug|Any CPU
		{B5B12907-5C4C-4D8E-8140-26B21667194A}.Debug|Any CPU.Build.0 = Debug|Any CPU
		{B5B12907-5C4C-4D8E-8140-26B21667194A}.Release|Any CPU.ActiveCfg = Release|Any CPU
		{B5B12907-5C4C-4D8E-8140-26B21667194A}.Release|Any CPU.Build.0 = Release|Any CPU
		{4A5553CC-04B2-4F96-9EA5-0D7BB56EE58D}.Debug|Any CPU.ActiveCfg = Debug|Any CPU
		{4A5553CC-04B2-4F96-9EA5-0D7BB56EE58D}.Debug|Any CPU.Build.0 = Debug|Any CPU
		{4A5553CC-04B2-4F96-9EA5-0D7BB56EE58D}.Release|Any CPU.ActiveCfg = Release|Any CPU
		{4A5553CC-04B2-4F96-9EA5-0D7BB56EE58D}.Release|Any CPU.Build.0 = Release|Any CPU
	EndGlobalSection
	GlobalSection(SolutionProperties) = preSolution
		HideSolutionNode = FALSE
	EndGlobalSection
	GlobalSection(ExtensibilityGlobals) = postSolution
		SolutionGuid = {9008B55F-5930-4B86-A6CE-F69DAEA5C57D}
	EndGlobalSection
EndGlobal
